
Microsoft Visual Studio Solution File, Format Version 12.00
# Visual Studio Version 17
VisualStudioVersion = 17.4.33403.182
MinimumVisualStudioVersion = 10.0.40219.1
Project("{9A19103F-16F7-4668-BE54-9A1E7A4F7556}") = "bimalsliitwebapp", "bimalsliitwebapp\bimalsliitwebapp.csproj", "{562CA00C-F872-4517-AF59-6D9910B6D02F}"
EndProject
Global
	GlobalSection(SolutionConfigurationPlatforms) = preSolution
		Debug|Any CPU = Debug|Any CPU
		Release|Any CPU = Release|Any CPU
	EndGlobalSection
	GlobalSection(ProjectConfigurationPlatforms) = postSolution
		{562CA00C-F872-4517-AF59-6D9910B6D02F}.Debug|Any CPU.ActiveCfg = Debug|Any CPU
		{562CA00C-F872-4517-AF59-6D9910B6D02F}.Debug|Any CPU.Build.0 = Debug|Any CPU
		{562CA00C-F872-4517-AF59-6D9910B6D02F}.Release|Any CPU.ActiveCfg = Release|Any CPU
		{562CA00C-F872-4517-AF59-6D9910B6D02F}.Release|Any CPU.Build.0 = Release|Any CPU
	EndGlobalSection
	GlobalSection(SolutionProperties) = preSolution
		HideSolutionNode = FALSE
	EndGlobalSection
	GlobalSection(ExtensibilityGlobals) = postSolution
		SolutionGuid = {1A1EC639-DA97-4DCD-91FA-3E2009CC8D85}
	EndGlobalSection
EndGlobal
